{
  "object": {
    "pins": [
      {
        "package": "CSV.swift",
        "repositoryURL": "https://github.com/yaslab/CSV.swift",
        "state": {
          "branch": null,
          "revision": "81d2874c51db364d7e1d71b0d99018a294c87ac1",
          "version": "2.4.3"
        }
      },
      {
        "package": "Gzip",
        "repositoryURL": "https://github.com/1024jp/GzipSwift",
        "state": {
          "branch": null,
          "revision": "ba0b6cb51cc6202f896e469b87d2889a46b10d1b",
          "version": "5.1.1"
        }
      },
      {
        "package": "influxdb-client-swift",
        "repositoryURL": "https://github.com/influxdata/influxdb-client-swift",
        "state": {
          "branch": null,
          "revision": "5a2f7895d7787e9a2d1e038ea652796ed10bd982",
          "version": "0.8.0"
        }
      }
    ]
  },
  "version": 1
}
